
Microsoft Visual Studio Solution File, Format Version 12.00
# Visual Studio Version 16
VisualStudioVersion = 16.0.33927.289
MinimumVisualStudioVersion = 10.0.40219.1
Project("{2150E333-8FDC-42A3-9474-1A3956D46DE8}") = "Task0", "Task0", "{E9051A55-532A-4D8C-B65E-A61A3F53BAA7}"
EndProject
Project("{2150E333-8FDC-42A3-9474-1A3956D46DE8}") = "Task1", "Task1", "{77E0D5F0-731A-46E2-BEBA-EFA03C3E689A}"
EndProject
Project("{2150E333-8FDC-42A3-9474-1A3956D46DE8}") = "Task2", "Task2", "{343A05A4-2776-44AB-97BC-C8B448BAB6F4}"
EndProject
Project("{2150E333-8FDC-42A3-9474-1A3956D46DE8}") = "Task3", "Task3", "{64BA86B7-CDBA-4F7E-A5FB-B38D586CB2B1}"
EndProject
Project("{2150E333-8FDC-42A3-9474-1A3956D46DE8}") = "Task4", "Task4", "{726ABE0A-4979-4D22-8A25-5635D69873F9}"
EndProject
Project("{2150E333-8FDC-42A3-9474-1A3956D46DE8}") = "Task5", "Task5", "{9672F1DF-5C6F-4A1B-8253-D90D7CB62098}"
EndProject
Project("{2150E333-8FDC-42A3-9474-1A3956D46DE8}") = "Task6", "Task6", "{6B8FEDA6-D7EC-4B59-AF16-5B1275E96B72}"
EndProject
Project("{2150E333-8FDC-42A3-9474-1A3956D46DE8}") = "Task7", "Task7", "{E32C518D-A362-486C-A169-A6F646A71419}"
EndProject
Project("{FAE04EC0-301F-11D3-BF4B-00C04F79EFBC}") = "Tyuiu.GoogeRA.Sprint1.Task0.V1", "Tyuiu.GoogeRA.Sprint1.Task0.V1\Tyuiu.GoogeRA.Sprint1.Task0.V1.csproj", "{041829CD-021F-4832-AD3B-9AD3943ED132}"
EndProject
Project("{FAE04EC0-301F-11D3-BF4B-00C04F79EFBC}") = "Tyuiu.GoogeRA.Sprint1.Task0.V1.Lib", "Tyuiu.GoogeRA.Sprint1.Task0.V1.Lib\Tyuiu.GoogeRA.Sprint1.Task0.V1.Lib.csproj", "{5477B21C-77AF-4596-B40E-DC97E0C7659A}"
EndProject
Project("{FAE04EC0-301F-11D3-BF4B-00C04F79EFBC}") = "Tyuiu.GoogeRA.Sprint1.Task0.V1.Test", "Tyuiu.GoogeRA.Sprint1.Task0.V1.Test\Tyuiu.GoogeRA.Sprint1.Task0.V1.Test.csproj", "{130B41FB-C414-4547-9132-C4F70D19C679}"
EndProject
Project("{FAE04EC0-301F-11D3-BF4B-00C04F79EFBC}") = "Tyuiu.GoogeRA.Sprint1.Task1.V9", "Tyuiu.GoogeRA.Sprint1.Task1.V9\Tyuiu.GoogeRA.Sprint1.Task1.V9.csproj", "{D2F61A5C-AA3A-4286-B322-B1E6C632EE82}"
EndProject
Project("{FAE04EC0-301F-11D3-BF4B-00C04F79EFBC}") = "Tyuiu.GoogeRA.Sprint1.Task1.V9.Lib", "Tyuiu.GoogeRA.Sprint1.Task1.V9.Lib\Tyuiu.GoogeRA.Sprint1.Task1.V9.Lib.csproj", "{BA3D0466-B321-4683-88CD-C7D62C711B32}"
EndProject
Project("{FAE04EC0-301F-11D3-BF4B-00C04F79EFBC}") = "Tyuiu.GoogeRA.Sprint1.Task1.V9.Test", "Tyuiu.GoogeRA.Sprint1.Task1.V9.Test\Tyuiu.GoogeRA.Sprint1.Task1.V9.Test.csproj", "{05A545DF-153A-453F-B15A-14931DD38FD7}"
EndProject
Project("{FAE04EC0-301F-11D3-BF4B-00C04F79EFBC}") = "Tyuiu.GoogeRA.Sprint1.Task2.V6", "Tyuiu.GoogeRA.Sprint1.Task2.V6\Tyuiu.GoogeRA.Sprint1.Task2.V6.csproj", "{6852BD28-8324-4DB3-A61C-6BFAC702EFED}"
EndProject
Project("{FAE04EC0-301F-11D3-BF4B-00C04F79EFBC}") = "Tyuiu.GoogeRA.Sprint1.Task2.V6.Lib", "Tyuiu.GoogeRA.Sprint1.Task2.V6.Lib\Tyuiu.GoogeRA.Sprint1.Task2.V6.Lib.csproj", "{EBC88AB4-5B70-4084-BEAE-86C08FD68FC4}"
EndProject
Project("{FAE04EC0-301F-11D3-BF4B-00C04F79EFBC}") = "Tyuiu.GoogeRA.Sprint1.Task2.V6.Test", "Tyuiu.GoogeRA.Sprint1.Task2.V6.Test\Tyuiu.GoogeRA.Sprint1.Task2.V6.Test.csproj", "{960AF2EA-298D-469D-BAD6-130B65837696}"
EndProject
Project("{FAE04EC0-301F-11D3-BF4B-00C04F79EFBC}") = "Tyuiu.GoogeRA.Sprint1.Task3.V17", "Tyuiu.GoogeRA.Sprint1.Task3.V17\Tyuiu.GoogeRA.Sprint1.Task3.V17.csproj", "{9B19C4DE-9FE4-433A-A2CA-424D5F0F3430}"
EndProject
Project("{FAE04EC0-301F-11D3-BF4B-00C04F79EFBC}") = "Tyuiu.GoogeRA.Sprint1.Task3.V17.Lib", "Tyuiu.GoogeRA.Sprint1.Task3.V17.Lib\Tyuiu.GoogeRA.Sprint1.Task3.V17.Lib.csproj", "{DEF626C8-E1E9-440A-A9CD-695A02B9262A}"
EndProject
Project("{FAE04EC0-301F-11D3-BF4B-00C04F79EFBC}") = "Tyuiu.GoogeRA.Sprint1.Task3.V17.Test", "Tyuiu.GoogeRA.Sprint1.Task3.V17.Test\Tyuiu.GoogeRA.Sprint1.Task3.V17.Test.csproj", "{71E3CA0A-017E-43AB-821C-7D42E5285330}"
EndProject
Project("{FAE04EC0-301F-11D3-BF4B-00C04F79EFBC}") = "Tyuiu.GoogeRA.Sprint1.Task4.V18", "Tyuiu.GoogeRA.Sprint1.Task4.V18\Tyuiu.GoogeRA.Sprint1.Task4.V18.csproj", "{B0C50E3F-FE50-4188-8578-107FBD663B27}"
EndProject
Project("{FAE04EC0-301F-11D3-BF4B-00C04F79EFBC}") = "Tyuiu.GoogeRA.Sprint1.Task4.V18.Lib", "Tyuiu.GoogeRA.Sprint1.Task4.V18.Lib\Tyuiu.GoogeRA.Sprint1.Task4.V18.Lib.csproj", "{B41482D6-7F2F-4109-A62E-DB93BC494696}"
EndProject
Project("{FAE04EC0-301F-11D3-BF4B-00C04F79EFBC}") = "Tyuiu.GoogeRA.Sprint1.Task4.V18.Test", "Tyuiu.GoogeRA.Sprint1.Task4.V18.Test\Tyuiu.GoogeRA.Sprint1.Task4.V18.Test.csproj", "{6E77D99F-F4C8-4AF2-B64A-40CCD8B79AF6}"
EndProject
Project("{FAE04EC0-301F-11D3-BF4B-00C04F79EFBC}") = "Tyuiu.GoogeRA.Sprint1.Task5.V1", "Tyuiu.GoogeRA.Sprint1.Task5.V1\Tyuiu.GoogeRA.Sprint1.Task5.V1.csproj", "{FAA93646-939B-485D-98D5-4663C3D16C67}"
EndProject
Project("{FAE04EC0-301F-11D3-BF4B-00C04F79EFBC}") = "Tyuiu.GoogeRA.Sprint1.Task5.V1.Lib", "Tyuiu.GoogeRA.Sprint1.Task5.V1.Lib\Tyuiu.GoogeRA.Sprint1.Task5.V1.Lib.csproj", "{E37A1F3B-5D1F-47F8-922C-3DA9F90271E5}"
EndProject
Project("{FAE04EC0-301F-11D3-BF4B-00C04F79EFBC}") = "Tyuiu.GoogeRA.Sprint1.Task6.V6.Test", "Tyuiu.GoogeRA.Sprint1.Task6.V6.Test\Tyuiu.GoogeRA.Sprint1.Task6.V6.Test.csproj", "{E4E719C7-270E-4693-9BD2-78A58B8A8144}"
EndProject
Project("{FAE04EC0-301F-11D3-BF4B-00C04F79EFBC}") = "Tyuiu.GoogeRA.Sprint1.Task6.V6", "Tyuiu.GoogeRA.Sprint1.Task6.V6\Tyuiu.GoogeRA.Sprint1.Task6.V6.csproj", "{67A406F3-2574-4EA9-B0AC-E457FA22F6AA}"
EndProject
Project("{FAE04EC0-301F-11D3-BF4B-00C04F79EFBC}") = "Tyuiu.GoogeRA.Sprint1.Task6.V6.Lib", "Tyuiu.GoogeRA.Sprint1.Task6.V6.Lib\Tyuiu.GoogeRA.Sprint1.Task6.V6.Lib.csproj", "{3E3F34D4-35A8-43F8-837F-89275CEC6D8D}"
EndProject
Project("{FAE04EC0-301F-11D3-BF4B-00C04F79EFBC}") = "Tyuiu.GoogeRA.Sprint1.Task7.V30", "Tyuiu.GoogeRA.Sprint1.Task7.V30\Tyuiu.GoogeRA.Sprint1.Task7.V30.csproj", "{71319E22-9B77-4A8B-9800-D9BDF048CCB9}"
EndProject
Project("{FAE04EC0-301F-11D3-BF4B-00C04F79EFBC}") = "Tyuiu.GoogeRA.Sprint1.Task7.V30.Lib", "Tyuiu.GoogeRA.Sprint1.Task7.V30.Lib\Tyuiu.GoogeRA.Sprint1.Task7.V30.Lib.csproj", "{8C97EFAA-E842-418D-ADE7-800C07036FDA}"
EndProject
Project("{FAE04EC0-301F-11D3-BF4B-00C04F79EFBC}") = "Tyuiu.GoogeRA.Sprint1.Task7.V30.Test", "Tyuiu.GoogeRA.Sprint1.Task7.V30.Test\Tyuiu.GoogeRA.Sprint1.Task7.V30.Test.csproj", "{B0A28F64-8BCA-4C76-B017-AE60E9464AD5}"
EndProject
Project("{FAE04EC0-301F-11D3-BF4B-00C04F79EFBC}") = "Tyuiu.GoogeRA.Sprint1.Task5.V1.Test", "Tyuiu.GoogeRA.Sprint1.Task5.V1.Test\Tyuiu.GoogeRA.Sprint1.Task5.V1.Test.csproj", "{08E7CA98-FBAF-49C1-A9AB-88D46EB8BB85}"
EndProject
Global
	GlobalSection(SolutionConfigurationPlatforms) = preSolution
		Debug|Any CPU = Debug|Any CPU
		Release|Any CPU = Release|Any CPU
	EndGlobalSection
	GlobalSection(ProjectConfigurationPlatforms) = postSolution
		{041829CD-021F-4832-AD3B-9AD3943ED132}.Debug|Any CPU.ActiveCfg = Debug|Any CPU
		{041829CD-021F-4832-AD3B-9AD3943ED132}.Debug|Any CPU.Build.0 = Debug|Any CPU
		{041829CD-021F-4832-AD3B-9AD3943ED132}.Release|Any CPU.ActiveCfg = Release|Any CPU
		{041829CD-021F-4832-AD3B-9AD3943ED132}.Release|Any CPU.Build.0 = Release|Any CPU
		{5477B21C-77AF-4596-B40E-DC97E0C7659A}.Debug|Any CPU.ActiveCfg = Debug|Any CPU
		{5477B21C-77AF-4596-B40E-DC97E0C7659A}.Debug|Any CPU.Build.0 = Debug|Any CPU
		{5477B21C-77AF-4596-B40E-DC97E0C7659A}.Release|Any CPU.ActiveCfg = Release|Any CPU
		{5477B21C-77AF-4596-B40E-DC97E0C7659A}.Release|Any CPU.Build.0 = Release|Any CPU
		{130B41FB-C414-4547-9132-C4F70D19C679}.Debug|Any CPU.ActiveCfg = Debug|Any CPU
		{130B41FB-C414-4547-9132-C4F70D19C679}.Debug|Any CPU.Build.0 = Debug|Any CPU
		{130B41FB-C414-4547-9132-C4F70D19C679}.Release|Any CPU.ActiveCfg = Release|Any CPU
		{130B41FB-C414-4547-9132-C4F70D19C679}.Release|Any CPU.Build.0 = Release|Any CPU
		{D2F61A5C-AA3A-4286-B322-B1E6C632EE82}.Debug|Any CPU.ActiveCfg = Debug|Any CPU
		{D2F61A5C-AA3A-4286-B322-B1E6C632EE82}.Debug|Any CPU.Build.0 = Debug|Any CPU
		{D2F61A5C-AA3A-4286-B322-B1E6C632EE82}.Release|Any CPU.ActiveCfg = Release|Any CPU
		{D2F61A5C-AA3A-4286-B322-B1E6C632EE82}.Release|Any CPU.Build.0 = Release|Any CPU
		{BA3D0466-B321-4683-88CD-C7D62C711B32}.Debug|Any CPU.ActiveCfg = Debug|Any CPU
		{BA3D0466-B321-4683-88CD-C7D62C711B32}.Debug|Any CPU.Build.0 = Debug|Any CPU
		{BA3D0466-B321-4683-88CD-C7D62C711B32}.Release|Any CPU.ActiveCfg = Release|Any CPU
		{BA3D0466-B321-4683-88CD-C7D62C711B32}.Release|Any CPU.Build.0 = Release|Any CPU
		{05A545DF-153A-453F-B15A-14931DD38FD7}.Debug|Any CPU.ActiveCfg = Debug|Any CPU
		{05A545DF-153A-453F-B15A-14931DD38FD7}.Debug|Any CPU.Build.0 = Debug|Any CPU
		{05A545DF-153A-453F-B15A-14931DD38FD7}.Release|Any CPU.ActiveCfg = Release|Any CPU
		{05A545DF-153A-453F-B15A-14931DD38FD7}.Release|Any CPU.Build.0 = Release|Any CPU
		{6852BD28-8324-4DB3-A61C-6BFAC702EFED}.Debug|Any CPU.ActiveCfg = Debug|Any CPU
		{6852BD28-8324-4DB3-A61C-6BFAC702EFED}.Debug|Any CPU.Build.0 = Debug|Any CPU
		{6852BD28-8324-4DB3-A61C-6BFAC702EFED}.Release|Any CPU.ActiveCfg = Release|Any CPU
		{6852BD28-8324-4DB3-A61C-6BFAC702EFED}.Release|Any CPU.Build.0 = Release|Any CPU
		{EBC88AB4-5B70-4084-BEAE-86C08FD68FC4}.Debug|Any CPU.ActiveCfg = Debug|Any CPU
		{EBC88AB4-5B70-4084-BEAE-86C08FD68FC4}.Debug|Any CPU.Build.0 = Debug|Any CPU
		{EBC88AB4-5B70-4084-BEAE-86C08FD68FC4}.Release|Any CPU.ActiveCfg = Release|Any CPU
		{EBC88AB4-5B70-4084-BEAE-86C08FD68FC4}.Release|Any CPU.Build.0 = Release|Any CPU
		{960AF2EA-298D-469D-BAD6-130B65837696}.Debug|Any CPU.ActiveCfg = Debug|Any CPU
		{960AF2EA-298D-469D-BAD6-130B65837696}.Debug|Any CPU.Build.0 = Debug|Any CPU
		{960AF2EA-298D-469D-BAD6-130B65837696}.Release|Any CPU.ActiveCfg = Release|Any CPU
		{960AF2EA-298D-469D-BAD6-130B65837696}.Release|Any CPU.Build.0 = Release|Any CPU
		{9B19C4DE-9FE4-433A-A2CA-424D5F0F3430}.Debug|Any CPU.ActiveCfg = Debug|Any CPU
		{9B19C4DE-9FE4-433A-A2CA-424D5F0F3430}.Debug|Any CPU.Build.0 = Debug|Any CPU
		{9B19C4DE-9FE4-433A-A2CA-424D5F0F3430}.Release|Any CPU.ActiveCfg = Release|Any CPU
		{9B19C4DE-9FE4-433A-A2CA-424D5F0F3430}.Release|Any CPU.Build.0 = Release|Any CPU
		{DEF626C8-E1E9-440A-A9CD-695A02B9262A}.Debug|Any CPU.ActiveCfg = Debug|Any CPU
		{DEF626C8-E1E9-440A-A9CD-695A02B9262A}.Debug|Any CPU.Build.0 = Debug|Any CPU
		{DEF626C8-E1E9-440A-A9CD-695A02B9262A}.Release|Any CPU.ActiveCfg = Release|Any CPU
		{DEF626C8-E1E9-440A-A9CD-695A02B9262A}.Release|Any CPU.Build.0 = Release|Any CPU
		{71E3CA0A-017E-43AB-821C-7D42E5285330}.Debug|Any CPU.ActiveCfg = Debug|Any CPU
		{71E3CA0A-017E-43AB-821C-7D42E5285330}.Debug|Any CPU.Build.0 = Debug|Any CPU
		{71E3CA0A-017E-43AB-821C-7D42E5285330}.Release|Any CPU.ActiveCfg = Release|Any CPU
		{71E3CA0A-017E-43AB-821C-7D42E5285330}.Release|Any CPU.Build.0 = Release|Any CPU
		{B0C50E3F-FE50-4188-8578-107FBD663B27}.Debug|Any CPU.ActiveCfg = Debug|Any CPU
		{B0C50E3F-FE50-4188-8578-107FBD663B27}.Debug|Any CPU.Build.0 = Debug|Any CPU
		{B0C50E3F-FE50-4188-8578-107FBD663B27}.Release|Any CPU.ActiveCfg = Release|Any CPU
		{B0C50E3F-FE50-4188-8578-107FBD663B27}.Release|Any CPU.Build.0 = Release|Any CPU
		{B41482D6-7F2F-4109-A62E-DB93BC494696}.Debug|Any CPU.ActiveCfg = Debug|Any CPU
		{B41482D6-7F2F-4109-A62E-DB93BC494696}.Debug|Any CPU.Build.0 = Debug|Any CPU
		{B41482D6-7F2F-4109-A62E-DB93BC494696}.Release|Any CPU.ActiveCfg = Release|Any CPU
		{B41482D6-7F2F-4109-A62E-DB93BC494696}.Release|Any CPU.Build.0 = Release|Any CPU
		{6E77D99F-F4C8-4AF2-B64A-40CCD8B79AF6}.Debug|Any CPU.ActiveCfg = Debug|Any CPU
		{6E77D99F-F4C8-4AF2-B64A-40CCD8B79AF6}.Debug|Any CPU.Build.0 = Debug|Any CPU
		{6E77D99F-F4C8-4AF2-B64A-40CCD8B79AF6}.Release|Any CPU.ActiveCfg = Release|Any CPU
		{6E77D99F-F4C8-4AF2-B64A-40CCD8B79AF6}.Release|Any CPU.Build.0 = Release|Any CPU
		{FAA93646-939B-485D-98D5-4663C3D16C67}.Debug|Any CPU.ActiveCfg = Debug|Any CPU
		{FAA93646-939B-485D-98D5-4663C3D16C67}.Debug|Any CPU.Build.0 = Debug|Any CPU
		{FAA93646-939B-485D-98D5-4663C3D16C67}.Release|Any CPU.ActiveCfg = Release|Any CPU
		{FAA93646-939B-485D-98D5-4663C3D16C67}.Release|Any CPU.Build.0 = Release|Any CPU
		{E37A1F3B-5D1F-47F8-922C-3DA9F90271E5}.Debug|Any CPU.ActiveCfg = Debug|Any CPU
		{E37A1F3B-5D1F-47F8-922C-3DA9F90271E5}.Debug|Any CPU.Build.0 = Debug|Any CPU
		{E37A1F3B-5D1F-47F8-922C-3DA9F90271E5}.Release|Any CPU.ActiveCfg = Release|Any CPU
		{E37A1F3B-5D1F-47F8-922C-3DA9F90271E5}.Release|Any CPU.Build.0 = Release|Any CPU
		{E4E719C7-270E-4693-9BD2-78A58B8A8144}.Debug|Any CPU.ActiveCfg = Debug|Any CPU
		{E4E719C7-270E-4693-9BD2-78A58B8A8144}.Debug|Any CPU.Build.0 = Debug|Any CPU
		{E4E719C7-270E-4693-9BD2-78A58B8A8144}.Release|Any CPU.ActiveCfg = Release|Any CPU
		{E4E719C7-270E-4693-9BD2-78A58B8A8144}.Release|Any CPU.Build.0 = Release|Any CPU
		{67A406F3-2574-4EA9-B0AC-E457FA22F6AA}.Debug|Any CPU.ActiveCfg = Debug|Any CPU
		{67A406F3-2574-4EA9-B0AC-E457FA22F6AA}.Debug|Any CPU.Build.0 = Debug|Any CPU
		{67A406F3-2574-4EA9-B0AC-E457FA22F6AA}.Release|Any CPU.ActiveCfg = Release|Any CPU
		{67A406F3-2574-4EA9-B0AC-E457FA22F6AA}.Release|Any CPU.Build.0 = Release|Any CPU
		{3E3F34D4-35A8-43F8-837F-89275CEC6D8D}.Debug|Any CPU.ActiveCfg = Debug|Any CPU
		{3E3F34D4-35A8-43F8-837F-89275CEC6D8D}.Debug|Any CPU.Build.0 = Debug|Any CPU
		{3E3F34D4-35A8-43F8-837F-89275CEC6D8D}.Release|Any CPU.ActiveCfg = Release|Any CPU
		{3E3F34D4-35A8-43F8-837F-89275CEC6D8D}.Release|Any CPU.Build.0 = Release|Any CPU
		{71319E22-9B77-4A8B-9800-D9BDF048CCB9}.Debug|Any CPU.ActiveCfg = Debug|Any CPU
		{71319E22-9B77-4A8B-9800-D9BDF048CCB9}.Debug|Any CPU.Build.0 = Debug|Any CPU
		{71319E22-9B77-4A8B-9800-D9BDF048CCB9}.Release|Any CPU.ActiveCfg = Release|Any CPU
		{71319E22-9B77-4A8B-9800-D9BDF048CCB9}.Release|Any CPU.Build.0 = Release|Any CPU
		{8C97EFAA-E842-418D-ADE7-800C07036FDA}.Debug|Any CPU.ActiveCfg = Debug|Any CPU
		{8C97EFAA-E842-418D-ADE7-800C07036FDA}.Debug|Any CPU.Build.0 = Debug|Any CPU
		{8C97EFAA-E842-418D-ADE7-800C07036FDA}.Release|Any CPU.ActiveCfg = Release|Any CPU
		{8C97EFAA-E842-418D-ADE7-800C07036FDA}.Release|Any CPU.Build.0 = Release|Any CPU
		{B0A28F64-8BCA-4C76-B017-AE60E9464AD5}.Debug|Any CPU.ActiveCfg = Debug|Any CPU
		{B0A28F64-8BCA-4C76-B017-AE60E9464AD5}.Debug|Any CPU.Build.0 = Debug|Any CPU
		{B0A28F64-8BCA-4C76-B017-AE60E9464AD5}.Release|Any CPU.ActiveCfg = Release|Any CPU
		{B0A28F64-8BCA-4C76-B017-AE60E9464AD5}.Release|Any CPU.Build.0 = Release|Any CPU
		{08E7CA98-FBAF-49C1-A9AB-88D46EB8BB85}.Debug|Any CPU.ActiveCfg = Debug|Any CPU
		{08E7CA98-FBAF-49C1-A9AB-88D46EB8BB85}.Debug|Any CPU.Build.0 = Debug|Any CPU
		{08E7CA98-FBAF-49C1-A9AB-88D46EB8BB85}.Release|Any CPU.ActiveCfg = Release|Any CPU
		{08E7CA98-FBAF-49C1-A9AB-88D46EB8BB85}.Release|Any CPU.Build.0 = Release|Any CPU
	EndGlobalSection
	GlobalSection(SolutionProperties) = preSolution
		HideSolutionNode = FALSE
	EndGlobalSection
	GlobalSection(NestedProjects) = preSolution
		{041829CD-021F-4832-AD3B-9AD3943ED132} = {E9051A55-532A-4D8C-B65E-A61A3F53BAA7}
		{5477B21C-77AF-4596-B40E-DC97E0C7659A} = {E9051A55-532A-4D8C-B65E-A61A3F53BAA7}
		{130B41FB-C414-4547-9132-C4F70D19C679} = {E9051A55-532A-4D8C-B65E-A61A3F53BAA7}
		{D2F61A5C-AA3A-4286-B322-B1E6C632EE82} = {77E0D5F0-731A-46E2-BEBA-EFA03C3E689A}
		{BA3D0466-B321-4683-88CD-C7D62C711B32} = {77E0D5F0-731A-46E2-BEBA-EFA03C3E689A}
		{05A545DF-153A-453F-B15A-14931DD38FD7} = {77E0D5F0-731A-46E2-BEBA-EFA03C3E689A}
		{6852BD28-8324-4DB3-A61C-6BFAC702EFED} = {343A05A4-2776-44AB-97BC-C8B448BAB6F4}
		{EBC88AB4-5B70-4084-BEAE-86C08FD68FC4} = {343A05A4-2776-44AB-97BC-C8B448BAB6F4}
		{960AF2EA-298D-469D-BAD6-130B65837696} = {343A05A4-2776-44AB-97BC-C8B448BAB6F4}
		{9B19C4DE-9FE4-433A-A2CA-424D5F0F3430} = {64BA86B7-CDBA-4F7E-A5FB-B38D586CB2B1}
		{DEF626C8-E1E9-440A-A9CD-695A02B9262A} = {64BA86B7-CDBA-4F7E-A5FB-B38D586CB2B1}
		{71E3CA0A-017E-43AB-821C-7D42E5285330} = {64BA86B7-CDBA-4F7E-A5FB-B38D586CB2B1}
		{B0C50E3F-FE50-4188-8578-107FBD663B27} = {726ABE0A-4979-4D22-8A25-5635D69873F9}
		{B41482D6-7F2F-4109-A62E-DB93BC494696} = {726ABE0A-4979-4D22-8A25-5635D69873F9}
		{6E77D99F-F4C8-4AF2-B64A-40CCD8B79AF6} = {726ABE0A-4979-4D22-8A25-5635D69873F9}
		{FAA93646-939B-485D-98D5-4663C3D16C67} = {9672F1DF-5C6F-4A1B-8253-D90D7CB62098}
		{E37A1F3B-5D1F-47F8-922C-3DA9F90271E5} = {9672F1DF-5C6F-4A1B-8253-D90D7CB62098}
		{E4E719C7-270E-4693-9BD2-78A58B8A8144} = {6B8FEDA6-D7EC-4B59-AF16-5B1275E96B72}
		{67A406F3-2574-4EA9-B0AC-E457FA22F6AA} = {6B8FEDA6-D7EC-4B59-AF16-5B1275E96B72}
		{3E3F34D4-35A8-43F8-837F-89275CEC6D8D} = {6B8FEDA6-D7EC-4B59-AF16-5B1275E96B72}
		{71319E22-9B77-4A8B-9800-D9BDF048CCB9} = {E32C518D-A362-486C-A169-A6F646A71419}
		{8C97EFAA-E842-418D-ADE7-800C07036FDA} = {E32C518D-A362-486C-A169-A6F646A71419}
		{B0A28F64-8BCA-4C76-B017-AE60E9464AD5} = {E32C518D-A362-486C-A169-A6F646A71419}
		{08E7CA98-FBAF-49C1-A9AB-88D46EB8BB85} = {9672F1DF-5C6F-4A1B-8253-D90D7CB62098}
	EndGlobalSection
	GlobalSection(ExtensibilityGlobals) = postSolution
		SolutionGuid = {5C757188-ED00-4C5A-9F5B-9917690AC9D4}
	EndGlobalSection
EndGlobal
